
Microsoft Visual Studio Solution File, Format Version 12.00
# Visual Studio 15
VisualStudioVersion = 15.0.26228.4
MinimumVisualStudioVersion = 10.0.40219.1
Project("{FAE04EC0-301F-11D3-BF4B-00C04F79EFBC}") = "calculator", "calculator\calculator.csproj", "{226D406D-703E-48C6-B26D-76B0FEF28BCC}"
EndProject
Project("{FAE04EC0-301F-11D3-BF4B-00C04F79EFBC}") = "calculator.test", "calculator.test\calculator.test.csproj", "{60BBC3CC-42DE-4623-85B3-31254D365D21}"
EndProject
Project("{2150E333-8FDC-42A3-9474-1A3956D46DE8}") = "Solution Items", "Solution Items", "{524BE688-BD44-4840-9571-70A11AA7C62C}"
EndProject
Global
	GlobalSection(SolutionConfigurationPlatforms) = preSolution
		Debug|Any CPU = Debug|Any CPU
		Release|Any CPU = Release|Any CPU
	EndGlobalSection
	GlobalSection(ProjectConfigurationPlatforms) = postSolution
		{226D406D-703E-48C6-B26D-76B0FEF28BCC}.Debug|Any CPU.ActiveCfg = Debug|Any CPU
		{226D406D-703E-48C6-B26D-76B0FEF28BCC}.Debug|Any CPU.Build.0 = Debug|Any CPU
		{226D406D-703E-48C6-B26D-76B0FEF28BCC}.Release|Any CPU.ActiveCfg = Release|Any CPU
		{226D406D-703E-48C6-B26D-76B0FEF28BCC}.Release|Any CPU.Build.0 = Release|Any CPU
		{60BBC3CC-42DE-4623-85B3-31254D365D21}.Debug|Any CPU.ActiveCfg = Debug|Any CPU
		{60BBC3CC-42DE-4623-85B3-31254D365D21}.Debug|Any CPU.Build.0 = Debug|Any CPU
		{60BBC3CC-42DE-4623-85B3-31254D365D21}.Release|Any CPU.ActiveCfg = Release|Any CPU
		{60BBC3CC-42DE-4623-85B3-31254D365D21}.Release|Any CPU.Build.0 = Release|Any CPU
	EndGlobalSection
	GlobalSection(SolutionProperties) = preSolution
		HideSolutionNode = FALSE
	EndGlobalSection
EndGlobal
